// !$*UTF8*$!
{
	archiveVersion = 1;
	classes = {
	};
	objectVersion = 50;
	objects = {

/* Begin PBXBuildFile section */
		4D8D504926D0C9B80059AAC6 /* SandwichesApp.swift in Sources */ = {isa = PBXBuildFile; fileRef = 4D8D503626D0C9B50059AAC6 /* SandwichesApp.swift */; };
		4D8D504A26D0C9B80059AAC6 /* SandwichesApp.swift in Sources */ = {isa = PBXBuildFile; fileRef = 4D8D503626D0C9B50059AAC6 /* SandwichesApp.swift */; };
		4D8D504B26D0C9B80059AAC6 /* ContentView.swift in Sources */ = {isa = PBXBuildFile; fileRef = 4D8D503726D0C9B50059AAC6 /* ContentView.swift */; };
		4D8D504C26D0C9B80059AAC6 /* ContentView.swift in Sources */ = {isa = PBXBuildFile; fileRef = 4D8D503726D0C9B50059AAC6 /* ContentView.swift */; };
		4D8D505A26D13DCC0059AAC6 /* Sandwich.swift in Sources */ = {isa = PBXBuildFile; fileRef = 4D8D505926D13DCB0059AAC6 /* Sandwich.swift */; };
		4D8D505B26D13DCC0059AAC6 /* Sandwich.swift in Sources */ = {isa = PBXBuildFile; fileRef = 4D8D505926D13DCB0059AAC6 /* Sandwich.swift */; };
		4D8D505F26D13DD40059AAC6 /* Assets.xcassets in Resources */ = {isa = PBXBuildFile; fileRef = 4D8D505E26D13DD40059AAC6 /* Assets.xcassets */; };
		4D8D506026D13DD40059AAC6 /* Assets.xcassets in Resources */ = {isa = PBXBuildFile; fileRef = 4D8D505E26D13DD40059AAC6 /* Assets.xcassets */; };
		4D8D506626D375F40059AAC6 /* SandwichDetail.swift in Sources */ = {isa = PBXBuildFile; fileRef = 4D8D506526D375F30059AAC6 /* SandwichDetail.swift */; };
		4D8D506726D375F40059AAC6 /* SandwichDetail.swift in Sources */ = {isa = PBXBuildFile; fileRef = 4D8D506526D375F30059AAC6 /* SandwichDetail.swift */; };
		4D8D506B26D385800059AAC6 /* SandwichStore.swift in Sources */ = {isa = PBXBuildFile; fileRef = 4D8D506A26D3857D0059AAC6 /* SandwichStore.swift */; };
		4D8D506C26D385800059AAC6 /* SandwichStore.swift in Sources */ = {isa = PBXBuildFile; fileRef = 4D8D506A26D3857D0059AAC6 /* SandwichStore.swift */; };
		4D8D507026D390AF0059AAC6 /* SandwichCell.swift in Sources */ = {isa = PBXBuildFile; fileRef = 4D8D506F26D390AE0059AAC6 /* SandwichCell.swift */; };
		4D8D507126D390AF0059AAC6 /* SandwichCell.swift in Sources */ = {isa = PBXBuildFile; fileRef = 4D8D506F26D390AE0059AAC6 /* SandwichCell.swift */; };
/* End PBXBuildFile section */

/* Begin PBXFileReference section */
		4D8D503626D0C9B50059AAC6 /* SandwichesApp.swift */ = {isa = PBXFileReference; lastKnownFileType = sourcecode.swift; path = SandwichesApp.swift; sourceTree = "<group>"; };
		4D8D503726D0C9B50059AAC6 /* ContentView.swift */ = {isa = PBXFileReference; lastKnownFileType = sourcecode.swift; path = ContentView.swift; sourceTree = "<group>"; };
		4D8D503D26D0C9B80059AAC6 /* Sandwiches.app */ = {isa = PBXFileReference; explicitFileType = wrapper.application; includeInIndex = 0; path = Sandwiches.app; sourceTree = BUILT_PRODUCTS_DIR; };
		4D8D504026D0C9B80059AAC6 /* Info.plist */ = {isa = PBXFileReference; lastKnownFileType = text.plist.xml; path = Info.plist; sourceTree = "<group>"; };
		4D8D504526D0C9B80059AAC6 /* Sandwiches.app */ = {isa = PBXFileReference; explicitFileType = wrapper.application; includeInIndex = 0; path = Sandwiches.app; sourceTree = BUILT_PRODUCTS_DIR; };
		4D8D504726D0C9B80059AAC6 /* Info.plist */ = {isa = PBXFileReference; lastKnownFileType = text.plist.xml; path = Info.plist; sourceTree = "<group>"; };
		4D8D504826D0C9B80059AAC6 /* macOS.entitlements */ = {isa = PBXFileReference; lastKnownFileType = text.plist.entitlements; path = macOS.entitlements; sourceTree = "<group>"; };
		4D8D505926D13DCB0059AAC6 /* Sandwich.swift */ = {isa = PBXFileReference; fileEncoding = 4; lastKnownFileType = sourcecode.swift; path = Sandwich.swift; sourceTree = "<group>"; };
		4D8D505E26D13DD40059AAC6 /* Assets.xcassets */ = {isa = PBXFileReference; lastKnownFileType = folder.assetcatalog; name = Assets.xcassets; path = "../../../../../Desktop/Sandwichs-iOS14-WWDC-Tutorial-main/Shared/Assets.xcassets"; sourceTree = "<group>"; };
		4D8D506526D375F30059AAC6 /* SandwichDetail.swift */ = {isa = PBXFileReference; lastKnownFileType = sourcecode.swift; path = SandwichDetail.swift; sourceTree = "<group>"; };
		4D8D506A26D3857D0059AAC6 /* SandwichStore.swift */ = {isa = PBXFileReference; fileEncoding = 4; lastKnownFileType = sourcecode.swift; path = SandwichStore.swift; sourceTree = "<group>"; };
		4D8D506F26D390AE0059AAC6 /* SandwichCell.swift */ = {isa = PBXFileReference; lastKnownFileType = sourcecode.swift; path = SandwichCell.swift; sourceTree = "<group>"; };
/* End PBXFileReference section */

/* Begin PBXFrameworksBuildPhase section */
		4D8D503A26D0C9B80059AAC6 /* Frameworks */ = {
			isa = PBXFrameworksBuildPhase;
			buildActionMask = 2147483647;
			files = (
			);
			runOnlyForDeploymentPostprocessing = 0;
		};
		4D8D504226D0C9B80059AAC6 /* Frameworks */ = {
			isa = PBXFrameworksBuildPhase;
			buildActionMask = 2147483647;
			files = (
			);
			runOnlyForDeploymentPostprocessing = 0;
		};
/* End PBXFrameworksBuildPhase section */

/* Begin PBXGroup section */
		4D8D503026D0C9B50059AAC6 = {
			isa = PBXGroup;
			children = (
				4D8D503526D0C9B50059AAC6 /* Shared */,
				4D8D503F26D0C9B80059AAC6 /* iOS */,
				4D8D504626D0C9B80059AAC6 /* macOS */,
				4D8D503E26D0C9B80059AAC6 /* Products */,
			);
			sourceTree = "<group>";
		};
		4D8D503526D0C9B50059AAC6 /* Shared */ = {
			isa = PBXGroup;
			children = (
				4D8D505926D13DCB0059AAC6 /* Sandwich.swift */,
				4D8D506A26D3857D0059AAC6 /* SandwichStore.swift */,
				4D8D503626D0C9B50059AAC6 /* SandwichesApp.swift */,
				4D8D503726D0C9B50059AAC6 /* ContentView.swift */,
				4D8D506F26D390AE0059AAC6 /* SandwichCell.swift */,
				4D8D506526D375F30059AAC6 /* SandwichDetail.swift */,
				4D8D505E26D13DD40059AAC6 /* Assets.xcassets */,
			);
			path = Shared;
			sourceTree = "<group>";
		};
		4D8D503E26D0C9B80059AAC6 /* Products */ = {
			isa = PBXGroup;
			children = (
				4D8D503D26D0C9B80059AAC6 /* Sandwiches.app */,
				4D8D504526D0C9B80059AAC6 /* Sandwiches.app */,
			);
			name = Products;
			sourceTree = "<group>";
		};
		4D8D503F26D0C9B80059AAC6 /* iOS */ = {
			isa = PBXGroup;
			children = (
				4D8D504026D0C9B80059AAC6 /* Info.plist */,
			);
			path = iOS;
			sourceTree = "<group>";
		};
		4D8D504626D0C9B80059AAC6 /* macOS */ = {
			isa = PBXGroup;
			children = (
				4D8D504726D0C9B80059AAC6 /* Info.plist */,
				4D8D504826D0C9B80059AAC6 /* macOS.entitlements */,
			);
			path = macOS;
			sourceTree = "<group>";
		};
/* End PBXGroup section */

/* Begin PBXNativeTarget section */
		4D8D503C26D0C9B80059AAC6 /* Sandwiches (iOS) */ = {
			isa = PBXNativeTarget;
			buildConfigurationList = 4D8D505126D0C9B80059AAC6 /* Build configuration list for PBXNativeTarget "Sandwiches (iOS)" */;
			buildPhases = (
				4D8D503926D0C9B80059AAC6 /* Sources */,
				4D8D503A26D0C9B80059AAC6 /* Frameworks */,
				4D8D503B26D0C9B80059AAC6 /* Resources */,
			);
			buildRules = (
			);
			dependencies = (
			);
			name = "Sandwiches (iOS)";
			productName = "Sandwiches (iOS)";
			productReference = 4D8D503D26D0C9B80059AAC6 /* Sandwiches.app */;
			productType = "com.apple.product-type.application";
		};
		4D8D504426D0C9B80059AAC6 /* Sandwiches (macOS) */ = {
			isa = PBXNativeTarget;
			buildConfigurationList = 4D8D505426D0C9B80059AAC6 /* Build configuration list for PBXNativeTarget "Sandwiches (macOS)" */;
			buildPhases = (
				4D8D504126D0C9B80059AAC6 /* Sources */,
				4D8D504226D0C9B80059AAC6 /* Frameworks */,
				4D8D504326D0C9B80059AAC6 /* Resources */,
			);
			buildRules = (
			);
			dependencies = (
			);
			name = "Sandwiches (macOS)";
			productName = "Sandwiches (macOS)";
			productReference = 4D8D504526D0C9B80059AAC6 /* Sandwiches.app */;
			productType = "com.apple.product-type.application";
		};
/* End PBXNativeTarget section */

/* Begin PBXProject section */
		4D8D503126D0C9B50059AAC6 /* Project object */ = {
			isa = PBXProject;
			attributes = {
				LastSwiftUpdateCheck = 1220;
				LastUpgradeCheck = 1220;
				TargetAttributes = {
					4D8D503C26D0C9B80059AAC6 = {
						CreatedOnToolsVersion = 12.2;
					};
					4D8D504426D0C9B80059AAC6 = {
						CreatedOnToolsVersion = 12.2;
					};
				};
			};
			buildConfigurationList = 4D8D503426D0C9B50059AAC6 /* Build configuration list for PBXProject "Sandwiches" */;
			compatibilityVersion = "Xcode 9.3";
			developmentRegion = en;
			hasScannedForEncodings = 0;
			knownRegions = (
				en,
				Base,
			);
			mainGroup = 4D8D503026D0C9B50059AAC6;
			productRefGroup = 4D8D503E26D0C9B80059AAC6 /* Products */;
			projectDirPath = "";
			projectRoot = "";
			targets = (
				4D8D503C26D0C9B80059AAC6 /* Sandwiches (iOS) */,
				4D8D504426D0C9B80059AAC6 /* Sandwiches (macOS) */,
			);
		};
/* End PBXProject section */

/* Begin PBXResourcesBuildPhase section */
		4D8D503B26D0C9B80059AAC6 /* Resources */ = {
			isa = PBXResourcesBuildPhase;
			buildActionMask = 2147483647;
			files = (
				4D8D505F26D13DD40059AAC6 /* Assets.xcassets in Resources */,
			);
			runOnlyForDeploymentPostprocessing = 0;
		};
		4D8D504326D0C9B80059AAC6 /* Resources */ = {
			isa = PBXResourcesBuildPhase;
			buildActionMask = 2147483647;
			files = (
				4D8D506026D13DD40059AAC6 /* Assets.xcassets in Resources */,
			);
			runOnlyForDeploymentPostprocessing = 0;
		};
/* End PBXResourcesBuildPhase section */

/* Begin PBXSourcesBuildPhase section */
		4D8D503926D0C9B80059AAC6 /* Sources */ = {
			isa = PBXSourcesBuildPhase;
			buildActionMask = 2147483647;
			files = (
				4D8D507026D390AF0059AAC6 /* SandwichCell.swift in Sources */,
				4D8D506B26D385800059AAC6 /* SandwichStore.swift in Sources */,
				4D8D504B26D0C9B80059AAC6 /* ContentView.swift in Sources */,
				4D8D504926D0C9B80059AAC6 /* SandwichesApp.swift in Sources */,
				4D8D505A26D13DCC0059AAC6 /* Sandwich.swift in Sources */,
				4D8D506626D375F40059AAC6 /* SandwichDetail.swift in Sources */,
			);
			runOnlyForDeploymentPostprocessing = 0;
		};
		4D8D504126D0C9B80059AAC6 /* Sources */ = {
			isa = PBXSourcesBuildPhase;
			buildActionMask = 2147483647;
			files = (
				4D8D507126D390AF0059AAC6 /* SandwichCell.swift in Sources */,
				4D8D506C26D385800059AAC6 /* SandwichStore.swift in Sources */,
				4D8D504C26D0C9B80059AAC6 /* ContentView.swift in Sources */,
				4D8D504A26D0C9B80059AAC6 /* SandwichesApp.swift in Sources */,
				4D8D505B26D13DCC0059AAC6 /* Sandwich.swift in Sources */,
				4D8D506726D375F40059AAC6 /* SandwichDetail.swift in Sources */,
			);
			runOnlyForDeploymentPostprocessing = 0;
		};
/* End PBXSourcesBuildPhase section */

/* Begin XCBuildConfiguration section */
		4D8D504F26D0C9B80059AAC6 /* Debug */ = {
			isa = XCBuildConfiguration;
			buildSettings = {
				ALWAYS_SEARCH_USER_PATHS = NO;
				CLANG_ANALYZER_NONNULL = YES;
				CLANG_ANALYZER_NUMBER_OBJECT_CONVERSION = YES_AGGRESSIVE;
				CLANG_CXX_LANGUAGE_STANDARD = "gnu++14";
				CLANG_CXX_LIBRARY = "libc++";
				CLANG_ENABLE_MODULES = YES;
				CLANG_ENABLE_OBJC_ARC = YES;
				CLANG_ENABLE_OBJC_WEAK = YES;
				CLANG_WARN_BLOCK_CAPTURE_AUTORELEASING = YES;
				CLANG_WARN_BOOL_CONVERSION = YES;
				CLANG_WARN_COMMA = YES;
				CLANG_WARN_CONSTANT_CONVERSION = YES;
				CLANG_WARN_DEPRECATED_OBJC_IMPLEMENTATIONS = YES;
				CLANG_WARN_DIRECT_OBJC_ISA_USAGE = YES_ERROR;
				CLANG_WARN_DOCUMENTATION_COMMENTS = YES;
				CLANG_WARN_EMPTY_BODY = YES;
				CLANG_WARN_ENUM_CONVERSION = YES;
				CLANG_WARN_INFINITE_RECURSION = YES;
				CLANG_WARN_INT_CONVERSION = YES;
				CLANG_WARN_NON_LITERAL_NULL_CONVERSION = YES;
				CLANG_WARN_OBJC_IMPLICIT_RETAIN_SELF = YES;
				CLANG_WARN_OBJC_LITERAL_CONVERSION = YES;
				CLANG_WARN_OBJC_ROOT_CLASS = YES_ERROR;
				CLANG_WARN_QUOTED_INCLUDE_IN_FRAMEWORK_HEADER = YES;
				CLANG_WARN_RANGE_LOOP_ANALYSIS = YES;
				CLANG_WARN_STRICT_PROTOTYPES = YES;
				CLANG_WARN_SUSPICIOUS_MOVE = YES;
				CLANG_WARN_UNGUARDED_AVAILABILITY = YES_AGGRESSIVE;
				CLANG_WARN_UNREACHABLE_CODE = YES;
				CLANG_WARN__DUPLICATE_METHOD_MATCH = YES;
				COPY_PHASE_STRIP = NO;
				DEBUG_INFORMATION_FORMAT = dwarf;
				ENABLE_STRICT_OBJC_MSGSEND = YES;
				ENABLE_TESTABILITY = YES;
				GCC_C_LANGUAGE_STANDARD = gnu11;
				GCC_DYNAMIC_NO_PIC = NO;
				GCC_NO_COMMON_BLOCKS = YES;
				GCC_OPTIMIZATION_LEVEL = 0;
				GCC_PREPROCESSOR_DEFINITIONS = (
					"DEBUG=1",
					"$(inherited)",
				);
				GCC_WARN_64_TO_32_BIT_CONVERSION = YES;
				GCC_WARN_ABOUT_RETURN_TYPE = YES_ERROR;
				GCC_WARN_UNDECLARED_SELECTOR = YES;
				GCC_WARN_UNINITIALIZED_AUTOS = YES_AGGRESSIVE;
				GCC_WARN_UNUSED_FUNCTION = YES;
				GCC_WARN_UNUSED_VARIABLE = YES;
				MTL_ENABLE_DEBUG_INFO = INCLUDE_SOURCE;
				MTL_FAST_MATH = YES;
				ONLY_ACTIVE_ARCH = YES;
				SWIFT_ACTIVE_COMPILATION_CONDITIONS = DEBUG;
				SWIFT_OPTIMIZATION_LEVEL = "-Onone";
			};
			name = Debug;
		};
		4D8D505026D0C9B80059AAC6 /* Release */ = {
			isa = XCBuildConfiguration;
			buildSettings = {
				ALWAYS_SEARCH_USER_PATHS = NO;
				CLANG_ANALYZER_NONNULL = YES;
				CLANG_ANALYZER_NUMBER_OBJECT_CONVERSION = YES_AGGRESSIVE;
				CLANG_CXX_LANGUAGE_STANDARD = "gnu++14";
				CLANG_CXX_LIBRARY = "libc++";
				CLANG_ENABLE_MODULES = YES;
				CLANG_ENABLE_OBJC_ARC = YES;
				CLANG_ENABLE_OBJC_WEAK = YES;
				CLANG_WARN_BLOCK_CAPTURE_AUTORELEASING = YES;
				CLANG_WARN_BOOL_CONVERSION = YES;
				CLANG_WARN_COMMA = YES;
				CLANG_WARN_CONSTANT_CONVERSION = YES;
				CLANG_WARN_DEPRECATED_OBJC_IMPLEMENTATIONS = YES;
				CLANG_WARN_DIRECT_OBJC_ISA_USAGE = YES_ERROR;
				CLANG_WARN_DOCUMENTATION_COMMENTS = YES;
				CLANG_WARN_EMPTY_BODY = YES;
				CLANG_WARN_ENUM_CONVERSION = YES;
				CLANG_WARN_INFINITE_RECURSION = YES;
				CLANG_WARN_INT_CONVERSION = YES;
				CLANG_WARN_NON_LITERAL_NULL_CONVERSION = YES;
				CLANG_WARN_OBJC_IMPLICIT_RETAIN_SELF = YES;
				CLANG_WARN_OBJC_LITERAL_CONVERSION = YES;
				CLANG_WARN_OBJC_ROOT_CLASS = YES_ERROR;
				CLANG_WARN_QUOTED_INCLUDE_IN_FRAMEWORK_HEADER = YES;
				CLANG_WARN_RANGE_LOOP_ANALYSIS = YES;
				CLANG_WARN_STRICT_PROTOTYPES = YES;
				CLANG_WARN_SUSPICIOUS_MOVE = YES;
				CLANG_WARN_UNGUARDED_AVAILABILITY = YES_AGGRESSIVE;
				CLANG_WARN_UNREACHABLE_CODE = YES;
				CLANG_WARN__DUPLICATE_METHOD_MATCH = YES;
				COPY_PHASE_STRIP = NO;
				DEBUG_INFORMATION_FORMAT = "dwarf-with-dsym";
				ENABLE_NS_ASSERTIONS = NO;
				ENABLE_STRICT_OBJC_MSGSEND = YES;
				GCC_C_LANGUAGE_STANDARD = gnu11;
				GCC_NO_COMMON_BLOCKS = YES;
				GCC_WARN_64_TO_32_BIT_CONVERSION = YES;
				GCC_WARN_ABOUT_RETURN_TYPE = YES_ERROR;
				GCC_WARN_UNDECLARED_SELECTOR = YES;
				GCC_WARN_UNINITIALIZED_AUTOS = YES_AGGRESSIVE;
				GCC_WARN_UNUSED_FUNCTION = YES;
				GCC_WARN_UNUSED_VARIABLE = YES;
				MTL_ENABLE_DEBUG_INFO = NO;
				MTL_FAST_MATH = YES;
				SWIFT_COMPILATION_MODE = wholemodule;
				SWIFT_OPTIMIZATION_LEVEL = "-O";
			};
			name = Release;
		};
		4D8D505226D0C9B80059AAC6 /* Debug */ = {
			isa = XCBuildConfiguration;
			buildSettings = {
				ASSETCATALOG_COMPILER_APPICON_NAME = AppIcon;
				ASSETCATALOG_COMPILER_GLOBAL_ACCENT_COLOR_NAME = AccentColor;
				CODE_SIGN_STYLE = Automatic;
				DEVELOPMENT_TEAM = XH796T6N5H;
				ENABLE_PREVIEWS = YES;
				INFOPLIST_FILE = iOS/Info.plist;
				IPHONEOS_DEPLOYMENT_TARGET = 14.0;
				LD_RUNPATH_SEARCH_PATHS = (
					"$(inherited)",
					"@executable_path/Frameworks",
				);
				PRODUCT_BUNDLE_IDENTIFIER = net.Jinhyang.Sandwiches;
				PRODUCT_NAME = Sandwiches;
				SDKROOT = iphoneos;
				SWIFT_VERSION = 5.0;
				TARGETED_DEVICE_FAMILY = "1,2";
			};
			name = Debug;
		};
		4D8D505326D0C9B80059AAC6 /* Release */ = {
			isa = XCBuildConfiguration;
			buildSettings = {
				ASSETCATALOG_COMPILER_APPICON_NAME = AppIcon;
				ASSETCATALOG_COMPILER_GLOBAL_ACCENT_COLOR_NAME = AccentColor;
				CODE_SIGN_STYLE = Automatic;
				DEVELOPMENT_TEAM = XH796T6N5H;
				ENABLE_PREVIEWS = YES;
				INFOPLIST_FILE = iOS/Info.plist;
				IPHONEOS_DEPLOYMENT_TARGET = 14.0;
				LD_RUNPATH_SEARCH_PATHS = (
					"$(inherited)",
					"@executable_path/Frameworks",
				);
				PRODUCT_BUNDLE_IDENTIFIER = net.Jinhyang.Sandwiches;
				PRODUCT_NAME = Sandwiches;
				SDKROOT = iphoneos;
				SWIFT_VERSION = 5.0;
				TARGETED_DEVICE_FAMILY = "1,2";
				VALIDATE_PRODUCT = YES;
			};
			name = Release;
		};
		4D8D505526D0C9B80059AAC6 /* Debug */ = {
			isa = XCBuildConfiguration;
			buildSettings = {
				ASSETCATALOG_COMPILER_APPICON_NAME = AppIcon;
				ASSETCATALOG_COMPILER_GLOBAL_ACCENT_COLOR_NAME = AccentColor;
				CODE_SIGN_ENTITLEMENTS = macOS/macOS.entitlements;
				CODE_SIGN_STYLE = Automatic;
				COMBINE_HIDPI_IMAGES = YES;
				DEVELOPMENT_TEAM = XH796T6N5H;
				ENABLE_HARDENED_RUNTIME = YES;
				ENABLE_PREVIEWS = YES;
				INFOPLIST_FILE = macOS/Info.plist;
				LD_RUNPATH_SEARCH_PATHS = (
					"$(inherited)",
					"@executable_path/../Frameworks",
				);
				MACOSX_DEPLOYMENT_TARGET = 11.0;
				PRODUCT_BUNDLE_IDENTIFIER = net.Jinhyang.Sandwiches;
				PRODUCT_NAME = Sandwiches;
				SDKROOT = macosx;
				SWIFT_VERSION = 5.0;
			};
			name = Debug;
		};
		4D8D505626D0C9B80059AAC6 /* Release */ = {
			isa = XCBuildConfiguration;
			buildSettings = {
				ASSETCATALOG_COMPILER_APPICON_NAME = AppIcon;
				ASSETCATALOG_COMPILER_GLOBAL_ACCENT_COLOR_NAME = AccentColor;
				CODE_SIGN_ENTITLEMENTS = macOS/macOS.entitlements;
				CODE_SIGN_STYLE = Automatic;
				COMBINE_HIDPI_IMAGES = YES;
				DEVELOPMENT_TEAM = XH796T6N5H;
				ENABLE_HARDENED_RUNTIME = YES;
				ENABLE_PREVIEWS = YES;
				INFOPLIST_FILE = macOS/Info.plist;
				LD_RUNPATH_SEARCH_PATHS = (
					"$(inherited)",
					"@executable_path/../Frameworks",
				);
				MACOSX_DEPLOYMENT_TARGET = 11.0;
				PRODUCT_BUNDLE_IDENTIFIER = net.Jinhyang.Sandwiches;
				PRODUCT_NAME = Sandwiches;
				SDKROOT = macosx;
				SWIFT_VERSION = 5.0;
			};
			name = Release;
		};
/* End XCBuildConfiguration section */

/* Begin XCConfigurationList section */
		4D8D503426D0C9B50059AAC6 /* Build configuration list for PBXProject "Sandwiches" */ = {
			isa = XCConfigurationList;
			buildConfigurations = (
				4D8D504F26D0C9B80059AAC6 /* Debug */,
				4D8D505026D0C9B80059AAC6 /* Release */,
			);
			defaultConfigurationIsVisible = 0;
			defaultConfigurationName = Release;
		};
		4D8D505126D0C9B80059AAC6 /* Build configuration list for PBXNativeTarget "Sandwiches (iOS)" */ = {
			isa = XCConfigurationList;
			buildConfigurations = (
				4D8D505226D0C9B80059AAC6 /* Debug */,
				4D8D505326D0C9B80059AAC6 /* Release */,
			);
			defaultConfigurationIsVisible = 0;
			defaultConfigurationName = Release;
		};
		4D8D505426D0C9B80059AAC6 /* Build configuration list for PBXNativeTarget "Sandwiches (macOS)" */ = {
			isa = XCConfigurationList;
			buildConfigurations = (
				4D8D505526D0C9B80059AAC6 /* Debug */,
				4D8D505626D0C9B80059AAC6 /* Release */,
			);
			defaultConfigurationIsVisible = 0;
			defaultConfigurationName = Release;
		};
/* End XCConfigurationList section */
	};
	rootObject = 4D8D503126D0C9B50059AAC6 /* Project object */;
}
